{
  "markbot": "0ae7f2999cd480ce53a4e6242d7e0dcfb3a036ed82ff20ccd444b16a9e609c21",
  "markbotignore": "030a4e6e1b3b6b510514a7ae54576e2c2ef762d56236c6414ef634955d96a126",
  "css/modules.css": "8a1ba27ffb3bd425520fe9f6e9353ba5c360d9b8f70214b0e0173359a538d415",
  "css/grid.css": "4530d5fcb8c810ef5c58aaabc319d0562b1e192bc87d572a2397c6395dd65d1c",
  "css/type.css": "27fa12036c60f595907a588d0adec045b6d52d163dd9ced14fba623382a9766c",
  "index-320.png": "3b3e502a1caadb9e35218d91d9787e124e04b98bfddd089d30220de3ac78cb05",
  "index-960.png": "10fcd67748c23d7911f373f74cf0030fe8c87e0020270cbfa82d55a46c3917ef"
}